
Microsoft Visual Studio Solution File, Format Version 12.00
# Visual Studio Version 17
VisualStudioVersion = 17.0.31903.59
MinimumVisualStudioVersion = 10.0.40219.1
Project("{2150E333-8FDC-42A3-9474-1A3956D46DE8}") = "src", "src", "{827E0CD3-B72D-47B6-A68D-7590B98EB39B}"
EndProject
Project("{FAE04EC0-301F-11D3-BF4B-00C04F79EFBC}") = "SimCoach.Adapters.ACC", "src\SimCoach.Adapters.ACC\SimCoach.Adapters.ACC.csproj", "{DF0ACCA8-AFE0-4C1D-A0C4-47EDEB834AC2}"
EndProject
Project("{FAE04EC0-301F-11D3-BF4B-00C04F79EFBC}") = "SimCoach.Contracts", "src\SimCoach.Contracts\SimCoach.Contracts.csproj", "{D071C3E6-5F8B-4E4C-9BA2-78BD5CE901A8}"
EndProject
Project("{FAE04EC0-301F-11D3-BF4B-00C04F79EFBC}") = "SimCoach.App", "src\SimCoach.App\SimCoach.App.csproj", "{70853A92-221C-4301-A2C8-0F22CBBE380B}"
EndProject
Project("{FAE04EC0-301F-11D3-BF4B-00C04F79EFBC}") = "SimCoach.Audio", "src\SimCoach.Audio\SimCoach.Audio.csproj", "{0F9709CF-08DC-4020-AA3E-5DF8D8BCD55B}"
EndProject
Project("{FAE04EC0-301F-11D3-BF4B-00C04F79EFBC}") = "SimCoach.Voice", "src\SimCoach.Voice\SimCoach.Voice.csproj", "{E8235B0C-B01C-43E8-BDF2-E25141B42CD3}"
EndProject
Project("{FAE04EC0-301F-11D3-BF4B-00C04F79EFBC}") = "SimCoach.Coach", "src\SimCoach.Coach\SimCoach.Coach.csproj", "{28A7F5BD-6624-4A3B-939E-07E39AABCE37}"
EndProject
Project("{FAE04EC0-301F-11D3-BF4B-00C04F79EFBC}") = "SimCoach.Reference", "src\SimCoach.Reference\SimCoach.Reference.csproj", "{EAE28766-ACCE-4E02-83C7-19FF55488FCE}"
EndProject
Project("{FAE04EC0-301F-11D3-BF4B-00C04F79EFBC}") = "SimCoach.Storage", "src\SimCoach.Storage\SimCoach.Storage.csproj", "{79ADBBFD-2BBD-4474-AAAC-B5F747CE7FD9}"
EndProject
Project("{FAE04EC0-301F-11D3-BF4B-00C04F79EFBC}") = "SimCoach.LLM", "src\SimCoach.LLM\SimCoach.LLM.csproj", "{B34DABCA-B1F4-456E-9291-E55A9A2520F5}"
EndProject
Project("{FAE04EC0-301F-11D3-BF4B-00C04F79EFBC}") = "SimCoach.Overlay", "src\SimCoach.Overlay\SimCoach.Overlay.csproj", "{C71C682A-6795-4029-9A23-618EE7E11ED8}"
EndProject
Project("{FAE04EC0-301F-11D3-BF4B-00C04F79EFBC}") = "SimCoach.Pipeline", "src\SimCoach.Pipeline\SimCoach.Pipeline.csproj", "{1A7B71AE-5F6C-4079-BC7C-0A3D11EB2068}"
EndProject
Project("{2150E333-8FDC-42A3-9474-1A3956D46DE8}") = "tests", "tests", "{0AB3BF05-4346-4AA6-1389-037BE0695223}"
EndProject
Project("{FAE04EC0-301F-11D3-BF4B-00C04F79EFBC}") = "SimCoach.Adapters.ACC.Tests", "tests\SimCoach.Adapters.ACC.Tests\SimCoach.Adapters.ACC.Tests.csproj", "{ED0EF57F-DBBB-4ED8-AF18-DA782E34C84C}"
EndProject
Project("{FAE04EC0-301F-11D3-BF4B-00C04F79EFBC}") = "SimCoach.Coach.Tests", "tests\SimCoach.Coach.Tests\SimCoach.Coach.Tests.csproj", "{C795B6BF-93BA-4DD0-9544-737CD21A0D28}"
EndProject
Project("{FAE04EC0-301F-11D3-BF4B-00C04F79EFBC}") = "SimCoach.LLM.Tests", "tests\SimCoach.LLM.Tests\SimCoach.LLM.Tests.csproj", "{55FD681B-D185-4F5E-A3D2-E17726272957}"
EndProject
Project("{FAE04EC0-301F-11D3-BF4B-00C04F79EFBC}") = "SimCoach.Pipeline.Tests", "tests\SimCoach.Pipeline.Tests\SimCoach.Pipeline.Tests.csproj", "{F653CA34-7376-4321-B95F-AEB4346A8804}"
EndProject
Project("{FAE04EC0-301F-11D3-BF4B-00C04F79EFBC}") = "SimCoach.Reference.Tests", "tests\SimCoach.Reference.Tests\SimCoach.Reference.Tests.csproj", "{81BF0B7A-3FBE-478B-A82D-0557E11D8F6C}"
EndProject
Project("{FAE04EC0-301F-11D3-BF4B-00C04F79EFBC}") = "SimCoach.Storage.Tests", "tests\SimCoach.Storage.Tests\SimCoach.Storage.Tests.csproj", "{BF79AE5C-873B-4667-B846-C5F5E0E57E4D}"
EndProject
Project("{FAE04EC0-301F-11D3-BF4B-00C04F79EFBC}") = "SimCoach.TestKit.Tests", "tests\SimCoach.TestKit.Tests\SimCoach.TestKit.Tests.csproj", "{4F6446F7-4C0C-41D8-8A5D-F9D9D51FD9AD}"
EndProject
Project("{FAE04EC0-301F-11D3-BF4B-00C04F79EFBC}") = "SimCoach.TestKit", "tests\SimCoach.TestKit\SimCoach.TestKit.csproj", "{3167BBD6-C50E-4E60-8A0B-0FD3ECEB7C55}"
EndProject
Project("{FAE04EC0-301F-11D3-BF4B-00C04F79EFBC}") = "SimCoach.App.Tests", "tests\SimCoach.App.Tests\SimCoach.App.Tests.csproj", "{36931433-F40C-432A-961F-08B25949D151}"
EndProject
Project("{FAE04EC0-301F-11D3-BF4B-00C04F79EFBC}") = "SimCoach.RuEval", "tests\SimCoach.RuEval\SimCoach.RuEval.csproj", "{6B018ABA-AABB-4333-863F-B37FB4333D8D}"
EndProject
Project("{2150E333-8FDC-42A3-9474-1A3956D46DE8}") = "tools", "tools", "{07C2787E-EAC7-C090-1BA3-A61EC2A24D84}"
EndProject
Project("{FAE04EC0-301F-11D3-BF4B-00C04F79EFBC}") = "SimCoach.ShmProbe", "tools\SimCoach.ShmProbe\SimCoach.ShmProbe.csproj", "{9EC07FCB-4FA2-4A1B-BFE1-A6D164ACAB37}"
EndProject
Global
	GlobalSection(SolutionConfigurationPlatforms) = preSolution
		Debug|Any CPU = Debug|Any CPU
		Debug|x64 = Debug|x64
		Debug|x86 = Debug|x86
		Release|Any CPU = Release|Any CPU
		Release|x64 = Release|x64
		Release|x86 = Release|x86
	EndGlobalSection
	GlobalSection(ProjectConfigurationPlatforms) = postSolution
		{DF0ACCA8-AFE0-4C1D-A0C4-47EDEB834AC2}.Debug|Any CPU.ActiveCfg = Debug|Any CPU
		{DF0ACCA8-AFE0-4C1D-A0C4-47EDEB834AC2}.Debug|Any CPU.Build.0 = Debug|Any CPU
		{DF0ACCA8-AFE0-4C1D-A0C4-47EDEB834AC2}.Debug|x64.ActiveCfg = Debug|Any CPU
		{DF0ACCA8-AFE0-4C1D-A0C4-47EDEB834AC2}.Debug|x64.Build.0 = Debug|Any CPU
		{DF0ACCA8-AFE0-4C1D-A0C4-47EDEB834AC2}.Debug|x86.ActiveCfg = Debug|Any CPU
		{DF0ACCA8-AFE0-4C1D-A0C4-47EDEB834AC2}.Debug|x86.Build.0 = Debug|Any CPU
		{DF0ACCA8-AFE0-4C1D-A0C4-47EDEB834AC2}.Release|Any CPU.ActiveCfg = Release|Any CPU
		{DF0ACCA8-AFE0-4C1D-A0C4-47EDEB834AC2}.Release|Any CPU.Build.0 = Release|Any CPU
		{DF0ACCA8-AFE0-4C1D-A0C4-47EDEB834AC2}.Release|x64.ActiveCfg = Release|Any CPU
		{DF0ACCA8-AFE0-4C1D-A0C4-47EDEB834AC2}.Release|x64.Build.0 = Release|Any CPU
		{DF0ACCA8-AFE0-4C1D-A0C4-47EDEB834AC2}.Release|x86.ActiveCfg = Release|Any CPU
		{DF0ACCA8-AFE0-4C1D-A0C4-47EDEB834AC2}.Release|x86.Build.0 = Release|Any CPU
		{D071C3E6-5F8B-4E4C-9BA2-78BD5CE901A8}.Debug|Any CPU.ActiveCfg = Debug|Any CPU
		{D071C3E6-5F8B-4E4C-9BA2-78BD5CE901A8}.Debug|Any CPU.Build.0 = Debug|Any CPU
		{D071C3E6-5F8B-4E4C-9BA2-78BD5CE901A8}.Debug|x64.ActiveCfg = Debug|Any CPU
		{D071C3E6-5F8B-4E4C-9BA2-78BD5CE901A8}.Debug|x64.Build.0 = Debug|Any CPU
		{D071C3E6-5F8B-4E4C-9BA2-78BD5CE901A8}.Debug|x86.ActiveCfg = Debug|Any CPU
		{D071C3E6-5F8B-4E4C-9BA2-78BD5CE901A8}.Debug|x86.Build.0 = Debug|Any CPU
		{D071C3E6-5F8B-4E4C-9BA2-78BD5CE901A8}.Release|Any CPU.ActiveCfg = Release|Any CPU
		{D071C3E6-5F8B-4E4C-9BA2-78BD5CE901A8}.Release|Any CPU.Build.0 = Release|Any CPU
		{D071C3E6-5F8B-4E4C-9BA2-78BD5CE901A8}.Release|x64.ActiveCfg = Release|Any CPU
		{D071C3E6-5F8B-4E4C-9BA2-78BD5CE901A8}.Release|x64.Build.0 = Release|Any CPU
		{D071C3E6-5F8B-4E4C-9BA2-78BD5CE901A8}.Release|x86.ActiveCfg = Release|Any CPU
		{D071C3E6-5F8B-4E4C-9BA2-78BD5CE901A8}.Release|x86.Build.0 = Release|Any CPU
		{70853A92-221C-4301-A2C8-0F22CBBE380B}.Debug|Any CPU.ActiveCfg = Debug|Any CPU
		{70853A92-221C-4301-A2C8-0F22CBBE380B}.Debug|Any CPU.Build.0 = Debug|Any CPU
		{70853A92-221C-4301-A2C8-0F22CBBE380B}.Debug|x64.ActiveCfg = Debug|Any CPU
		{70853A92-221C-4301-A2C8-0F22CBBE380B}.Debug|x64.Build.0 = Debug|Any CPU
		{70853A92-221C-4301-A2C8-0F22CBBE380B}.Debug|x86.ActiveCfg = Debug|Any CPU
		{70853A92-221C-4301-A2C8-0F22CBBE380B}.Debug|x86.Build.0 = Debug|Any CPU
		{70853A92-221C-4301-A2C8-0F22CBBE380B}.Release|Any CPU.ActiveCfg = Release|Any CPU
		{70853A92-221C-4301-A2C8-0F22CBBE380B}.Release|Any CPU.Build.0 = Release|Any CPU
		{70853A92-221C-4301-A2C8-0F22CBBE380B}.Release|x64.ActiveCfg = Release|Any CPU
		{70853A92-221C-4301-A2C8-0F22CBBE380B}.Release|x64.Build.0 = Release|Any CPU
		{70853A92-221C-4301-A2C8-0F22CBBE380B}.Release|x86.ActiveCfg = Release|Any CPU
		{70853A92-221C-4301-A2C8-0F22CBBE380B}.Release|x86.Build.0 = Release|Any CPU
		{0F9709CF-08DC-4020-AA3E-5DF8D8BCD55B}.Debug|Any CPU.ActiveCfg = Debug|Any CPU
		{0F9709CF-08DC-4020-AA3E-5DF8D8BCD55B}.Debug|Any CPU.Build.0 = Debug|Any CPU
		{0F9709CF-08DC-4020-AA3E-5DF8D8BCD55B}.Debug|x64.ActiveCfg = Debug|Any CPU
		{0F9709CF-08DC-4020-AA3E-5DF8D8BCD55B}.Debug|x64.Build.0 = Debug|Any CPU
		{0F9709CF-08DC-4020-AA3E-5DF8D8BCD55B}.Debug|x86.ActiveCfg = Debug|Any CPU
		{0F9709CF-08DC-4020-AA3E-5DF8D8BCD55B}.Debug|x86.Build.0 = Debug|Any CPU
		{0F9709CF-08DC-4020-AA3E-5DF8D8BCD55B}.Release|Any CPU.ActiveCfg = Release|Any CPU
		{0F9709CF-08DC-4020-AA3E-5DF8D8BCD55B}.Release|Any CPU.Build.0 = Release|Any CPU
		{0F9709CF-08DC-4020-AA3E-5DF8D8BCD55B}.Release|x64.ActiveCfg = Release|Any CPU
		{0F9709CF-08DC-4020-AA3E-5DF8D8BCD55B}.Release|x64.Build.0 = Release|Any CPU
		{0F9709CF-08DC-4020-AA3E-5DF8D8BCD55B}.Release|x86.ActiveCfg = Release|Any CPU
		{0F9709CF-08DC-4020-AA3E-5DF8D8BCD55B}.Release|x86.Build.0 = Release|Any CPU
		{E8235B0C-B01C-43E8-BDF2-E25141B42CD3}.Debug|Any CPU.ActiveCfg = Debug|Any CPU
		{E8235B0C-B01C-43E8-BDF2-E25141B42CD3}.Debug|Any CPU.Build.0 = Debug|Any CPU
		{E8235B0C-B01C-43E8-BDF2-E25141B42CD3}.Debug|x64.ActiveCfg = Debug|Any CPU
		{E8235B0C-B01C-43E8-BDF2-E25141B42CD3}.Debug|x64.Build.0 = Debug|Any CPU
		{E8235B0C-B01C-43E8-BDF2-E25141B42CD3}.Debug|x86.ActiveCfg = Debug|Any CPU
		{E8235B0C-B01C-43E8-BDF2-E25141B42CD3}.Debug|x86.Build.0 = Debug|Any CPU
		{E8235B0C-B01C-43E8-BDF2-E25141B42CD3}.Release|Any CPU.ActiveCfg = Release|Any CPU
		{E8235B0C-B01C-43E8-BDF2-E25141B42CD3}.Release|Any CPU.Build.0 = Release|Any CPU
		{E8235B0C-B01C-43E8-BDF2-E25141B42CD3}.Release|x64.ActiveCfg = Release|Any CPU
		{E8235B0C-B01C-43E8-BDF2-E25141B42CD3}.Release|x64.Build.0 = Release|Any CPU
		{E8235B0C-B01C-43E8-BDF2-E25141B42CD3}.Release|x86.ActiveCfg = Release|Any CPU
		{E8235B0C-B01C-43E8-BDF2-E25141B42CD3}.Release|x86.Build.0 = Release|Any CPU
		{28A7F5BD-6624-4A3B-939E-07E39AABCE37}.Debug|Any CPU.ActiveCfg = Debug|Any CPU
		{28A7F5BD-6624-4A3B-939E-07E39AABCE37}.Debug|Any CPU.Build.0 = Debug|Any CPU
		{28A7F5BD-6624-4A3B-939E-07E39AABCE37}.Debug|x64.ActiveCfg = Debug|Any CPU
		{28A7F5BD-6624-4A3B-939E-07E39AABCE37}.Debug|x64.Build.0 = Debug|Any CPU
		{28A7F5BD-6624-4A3B-939E-07E39AABCE37}.Debug|x86.ActiveCfg = Debug|Any CPU
		{28A7F5BD-6624-4A3B-939E-07E39AABCE37}.Debug|x86.Build.0 = Debug|Any CPU
		{28A7F5BD-6624-4A3B-939E-07E39AABCE37}.Release|Any CPU.ActiveCfg = Release|Any CPU
		{28A7F5BD-6624-4A3B-939E-07E39AABCE37}.Release|Any CPU.Build.0 = Release|Any CPU
		{28A7F5BD-6624-4A3B-939E-07E39AABCE37}.Release|x64.ActiveCfg = Release|Any CPU
		{28A7F5BD-6624-4A3B-939E-07E39AABCE37}.Release|x64.Build.0 = Release|Any CPU
		{28A7F5BD-6624-4A3B-939E-07E39AABCE37}.Release|x86.ActiveCfg = Release|Any CPU
		{28A7F5BD-6624-4A3B-939E-07E39AABCE37}.Release|x86.Build.0 = Release|Any CPU
		{EAE28766-ACCE-4E02-83C7-19FF55488FCE}.Debug|Any CPU.ActiveCfg = Debug|Any CPU
		{EAE28766-ACCE-4E02-83C7-19FF55488FCE}.Debug|Any CPU.Build.0 = Debug|Any CPU
		{EAE28766-ACCE-4E02-83C7-19FF55488FCE}.Debug|x64.ActiveCfg = Debug|Any CPU
		{EAE28766-ACCE-4E02-83C7-19FF55488FCE}.Debug|x64.Build.0 = Debug|Any CPU
		{EAE28766-ACCE-4E02-83C7-19FF55488FCE}.Debug|x86.ActiveCfg = Debug|Any CPU
		{EAE28766-ACCE-4E02-83C7-19FF55488FCE}.Debug|x86.Build.0 = Debug|Any CPU
		{EAE28766-ACCE-4E02-83C7-19FF55488FCE}.Release|Any CPU.ActiveCfg = Release|Any CPU
		{EAE28766-ACCE-4E02-83C7-19FF55488FCE}.Release|Any CPU.Build.0 = Release|Any CPU
		{EAE28766-ACCE-4E02-83C7-19FF55488FCE}.Release|x64.ActiveCfg = Release|Any CPU
		{EAE28766-ACCE-4E02-83C7-19FF55488FCE}.Release|x64.Build.0 = Release|Any CPU
		{EAE28766-ACCE-4E02-83C7-19FF55488FCE}.Release|x86.ActiveCfg = Release|Any CPU
		{EAE28766-ACCE-4E02-83C7-19FF55488FCE}.Release|x86.Build.0 = Release|Any CPU
		{79ADBBFD-2BBD-4474-AAAC-B5F747CE7FD9}.Debug|Any CPU.ActiveCfg = Debug|Any CPU
		{79ADBBFD-2BBD-4474-AAAC-B5F747CE7FD9}.Debug|Any CPU.Build.0 = Debug|Any CPU
		{79ADBBFD-2BBD-4474-AAAC-B5F747CE7FD9}.Debug|x64.ActiveCfg = Debug|Any CPU
		{79ADBBFD-2BBD-4474-AAAC-B5F747CE7FD9}.Debug|x64.Build.0 = Debug|Any CPU
		{79ADBBFD-2BBD-4474-AAAC-B5F747CE7FD9}.Debug|x86.ActiveCfg = Debug|Any CPU
		{79ADBBFD-2BBD-4474-AAAC-B5F747CE7FD9}.Debug|x86.Build.0 = Debug|Any CPU
		{79ADBBFD-2BBD-4474-AAAC-B5F747CE7FD9}.Release|Any CPU.ActiveCfg = Release|Any CPU
		{79ADBBFD-2BBD-4474-AAAC-B5F747CE7FD9}.Release|Any CPU.Build.0 = Release|Any CPU
		{79ADBBFD-2BBD-4474-AAAC-B5F747CE7FD9}.Release|x64.ActiveCfg = Release|Any CPU
		{79ADBBFD-2BBD-4474-AAAC-B5F747CE7FD9}.Release|x64.Build.0 = Release|Any CPU
		{79ADBBFD-2BBD-4474-AAAC-B5F747CE7FD9}.Release|x86.ActiveCfg = Release|Any CPU
		{79ADBBFD-2BBD-4474-AAAC-B5F747CE7FD9}.Release|x86.Build.0 = Release|Any CPU
		{B34DABCA-B1F4-456E-9291-E55A9A2520F5}.Debug|Any CPU.ActiveCfg = Debug|Any CPU
		{B34DABCA-B1F4-456E-9291-E55A9A2520F5}.Debug|Any CPU.Build.0 = Debug|Any CPU
		{B34DABCA-B1F4-456E-9291-E55A9A2520F5}.Debug|x64.ActiveCfg = Debug|Any CPU
		{B34DABCA-B1F4-456E-9291-E55A9A2520F5}.Debug|x64.Build.0 = Debug|Any CPU
		{B34DABCA-B1F4-456E-9291-E55A9A2520F5}.Debug|x86.ActiveCfg = Debug|Any CPU
		{B34DABCA-B1F4-456E-9291-E55A9A2520F5}.Debug|x86.Build.0 = Debug|Any CPU
		{B34DABCA-B1F4-456E-9291-E55A9A2520F5}.Release|Any CPU.ActiveCfg = Release|Any CPU
		{B34DABCA-B1F4-456E-9291-E55A9A2520F5}.Release|Any CPU.Build.0 = Release|Any CPU
		{B34DABCA-B1F4-456E-9291-E55A9A2520F5}.Release|x64.ActiveCfg = Release|Any CPU
		{B34DABCA-B1F4-456E-9291-E55A9A2520F5}.Release|x64.Build.0 = Release|Any CPU
		{B34DABCA-B1F4-456E-9291-E55A9A2520F5}.Release|x86.ActiveCfg = Release|Any CPU
		{B34DABCA-B1F4-456E-9291-E55A9A2520F5}.Release|x86.Build.0 = Release|Any CPU
		{C71C682A-6795-4029-9A23-618EE7E11ED8}.Debug|Any CPU.ActiveCfg = Debug|Any CPU
		{C71C682A-6795-4029-9A23-618EE7E11ED8}.Debug|Any CPU.Build.0 = Debug|Any CPU
		{C71C682A-6795-4029-9A23-618EE7E11ED8}.Debug|x64.ActiveCfg = Debug|Any CPU
		{C71C682A-6795-4029-9A23-618EE7E11ED8}.Debug|x64.Build.0 = Debug|Any CPU
		{C71C682A-6795-4029-9A23-618EE7E11ED8}.Debug|x86.ActiveCfg = Debug|Any CPU
		{C71C682A-6795-4029-9A23-618EE7E11ED8}.Debug|x86.Build.0 = Debug|Any CPU
		{C71C682A-6795-4029-9A23-618EE7E11ED8}.Release|Any CPU.ActiveCfg = Release|Any CPU
		{C71C682A-6795-4029-9A23-618EE7E11ED8}.Release|Any CPU.Build.0 = Release|Any CPU
		{C71C682A-6795-4029-9A23-618EE7E11ED8}.Release|x64.ActiveCfg = Release|Any CPU
		{C71C682A-6795-4029-9A23-618EE7E11ED8}.Release|x64.Build.0 = Release|Any CPU
		{C71C682A-6795-4029-9A23-618EE7E11ED8}.Release|x86.ActiveCfg = Release|Any CPU
		{C71C682A-6795-4029-9A23-618EE7E11ED8}.Release|x86.Build.0 = Release|Any CPU
		{1A7B71AE-5F6C-4079-BC7C-0A3D11EB2068}.Debug|Any CPU.ActiveCfg = Debug|Any CPU
		{1A7B71AE-5F6C-4079-BC7C-0A3D11EB2068}.Debug|Any CPU.Build.0 = Debug|Any CPU
		{1A7B71AE-5F6C-4079-BC7C-0A3D11EB2068}.Debug|x64.ActiveCfg = Debug|Any CPU
		{1A7B71AE-5F6C-4079-BC7C-0A3D11EB2068}.Debug|x64.Build.0 = Debug|Any CPU
		{1A7B71AE-5F6C-4079-BC7C-0A3D11EB2068}.Debug|x86.ActiveCfg = Debug|Any CPU
		{1A7B71AE-5F6C-4079-BC7C-0A3D11EB2068}.Debug|x86.Build.0 = Debug|Any CPU
		{1A7B71AE-5F6C-4079-BC7C-0A3D11EB2068}.Release|Any CPU.ActiveCfg = Release|Any CPU
		{1A7B71AE-5F6C-4079-BC7C-0A3D11EB2068}.Release|Any CPU.Build.0 = Release|Any CPU
		{1A7B71AE-5F6C-4079-BC7C-0A3D11EB2068}.Release|x64.ActiveCfg = Release|Any CPU
		{1A7B71AE-5F6C-4079-BC7C-0A3D11EB2068}.Release|x64.Build.0 = Release|Any CPU
		{1A7B71AE-5F6C-4079-BC7C-0A3D11EB2068}.Release|x86.ActiveCfg = Release|Any CPU
		{1A7B71AE-5F6C-4079-BC7C-0A3D11EB2068}.Release|x86.Build.0 = Release|Any CPU
		{ED0EF57F-DBBB-4ED8-AF18-DA782E34C84C}.Debug|Any CPU.ActiveCfg = Debug|Any CPU
		{ED0EF57F-DBBB-4ED8-AF18-DA782E34C84C}.Debug|Any CPU.Build.0 = Debug|Any CPU
		{ED0EF57F-DBBB-4ED8-AF18-DA782E34C84C}.Debug|x64.ActiveCfg = Debug|Any CPU
		{ED0EF57F-DBBB-4ED8-AF18-DA782E34C84C}.Debug|x64.Build.0 = Debug|Any CPU
		{ED0EF57F-DBBB-4ED8-AF18-DA782E34C84C}.Debug|x86.ActiveCfg = Debug|Any CPU
		{ED0EF57F-DBBB-4ED8-AF18-DA782E34C84C}.Debug|x86.Build.0 = Debug|Any CPU
		{ED0EF57F-DBBB-4ED8-AF18-DA782E34C84C}.Release|Any CPU.ActiveCfg = Release|Any CPU
		{ED0EF57F-DBBB-4ED8-AF18-DA782E34C84C}.Release|Any CPU.Build.0 = Release|Any CPU
		{ED0EF57F-DBBB-4ED8-AF18-DA782E34C84C}.Release|x64.ActiveCfg = Release|Any CPU
		{ED0EF57F-DBBB-4ED8-AF18-DA782E34C84C}.Release|x64.Build.0 = Release|Any CPU
		{ED0EF57F-DBBB-4ED8-AF18-DA782E34C84C}.Release|x86.ActiveCfg = Release|Any CPU
		{ED0EF57F-DBBB-4ED8-AF18-DA782E34C84C}.Release|x86.Build.0 = Release|Any CPU
		{C795B6BF-93BA-4DD0-9544-737CD21A0D28}.Debug|Any CPU.ActiveCfg = Debug|Any CPU
		{C795B6BF-93BA-4DD0-9544-737CD21A0D28}.Debug|Any CPU.Build.0 = Debug|Any CPU
		{C795B6BF-93BA-4DD0-9544-737CD21A0D28}.Debug|x64.ActiveCfg = Debug|Any CPU
		{C795B6BF-93BA-4DD0-9544-737CD21A0D28}.Debug|x64.Build.0 = Debug|Any CPU
		{C795B6BF-93BA-4DD0-9544-737CD21A0D28}.Debug|x86.ActiveCfg = Debug|Any CPU
		{C795B6BF-93BA-4DD0-9544-737CD21A0D28}.Debug|x86.Build.0 = Debug|Any CPU
		{C795B6BF-93BA-4DD0-9544-737CD21A0D28}.Release|Any CPU.ActiveCfg = Release|Any CPU
		{C795B6BF-93BA-4DD0-9544-737CD21A0D28}.Release|Any CPU.Build.0 = Release|Any CPU
		{C795B6BF-93BA-4DD0-9544-737CD21A0D28}.Release|x64.ActiveCfg = Release|Any CPU
		{C795B6BF-93BA-4DD0-9544-737CD21A0D28}.Release|x64.Build.0 = Release|Any CPU
		{C795B6BF-93BA-4DD0-9544-737CD21A0D28}.Release|x86.ActiveCfg = Release|Any CPU
		{C795B6BF-93BA-4DD0-9544-737CD21A0D28}.Release|x86.Build.0 = Release|Any CPU
		{55FD681B-D185-4F5E-A3D2-E17726272957}.Debug|Any CPU.ActiveCfg = Debug|Any CPU
		{55FD681B-D185-4F5E-A3D2-E17726272957}.Debug|Any CPU.Build.0 = Debug|Any CPU
		{55FD681B-D185-4F5E-A3D2-E17726272957}.Debug|x64.ActiveCfg = Debug|Any CPU
		{55FD681B-D185-4F5E-A3D2-E17726272957}.Debug|x64.Build.0 = Debug|Any CPU
		{55FD681B-D185-4F5E-A3D2-E17726272957}.Debug|x86.ActiveCfg = Debug|Any CPU
		{55FD681B-D185-4F5E-A3D2-E17726272957}.Debug|x86.Build.0 = Debug|Any CPU
		{55FD681B-D185-4F5E-A3D2-E17726272957}.Release|Any CPU.ActiveCfg = Release|Any CPU
		{55FD681B-D185-4F5E-A3D2-E17726272957}.Release|Any CPU.Build.0 = Release|Any CPU
		{55FD681B-D185-4F5E-A3D2-E17726272957}.Release|x64.ActiveCfg = Release|Any CPU
		{55FD681B-D185-4F5E-A3D2-E17726272957}.Release|x64.Build.0 = Release|Any CPU
		{55FD681B-D185-4F5E-A3D2-E17726272957}.Release|x86.ActiveCfg = Release|Any CPU
		{55FD681B-D185-4F5E-A3D2-E17726272957}.Release|x86.Build.0 = Release|Any CPU
		{F653CA34-7376-4321-B95F-AEB4346A8804}.Debug|Any CPU.ActiveCfg = Debug|Any CPU
		{F653CA34-7376-4321-B95F-AEB4346A8804}.Debug|Any CPU.Build.0 = Debug|Any CPU
		{F653CA34-7376-4321-B95F-AEB4346A8804}.Debug|x64.ActiveCfg = Debug|Any CPU
		{F653CA34-7376-4321-B95F-AEB4346A8804}.Debug|x64.Build.0 = Debug|Any CPU
		{F653CA34-7376-4321-B95F-AEB4346A8804}.Debug|x86.ActiveCfg = Debug|Any CPU
		{F653CA34-7376-4321-B95F-AEB4346A8804}.Debug|x86.Build.0 = Debug|Any CPU
		{F653CA34-7376-4321-B95F-AEB4346A8804}.Release|Any CPU.ActiveCfg = Release|Any CPU
		{F653CA34-7376-4321-B95F-AEB4346A8804}.Release|Any CPU.Build.0 = Release|Any CPU
		{F653CA34-7376-4321-B95F-AEB4346A8804}.Release|x64.ActiveCfg = Release|Any CPU
		{F653CA34-7376-4321-B95F-AEB4346A8804}.Release|x64.Build.0 = Release|Any CPU
		{F653CA34-7376-4321-B95F-AEB4346A8804}.Release|x86.ActiveCfg = Release|Any CPU
		{F653CA34-7376-4321-B95F-AEB4346A8804}.Release|x86.Build.0 = Release|Any CPU
		{81BF0B7A-3FBE-478B-A82D-0557E11D8F6C}.Debug|Any CPU.ActiveCfg = Debug|Any CPU
		{81BF0B7A-3FBE-478B-A82D-0557E11D8F6C}.Debug|Any CPU.Build.0 = Debug|Any CPU
		{81BF0B7A-3FBE-478B-A82D-0557E11D8F6C}.Debug|x64.ActiveCfg = Debug|Any CPU
		{81BF0B7A-3FBE-478B-A82D-0557E11D8F6C}.Debug|x64.Build.0 = Debug|Any CPU
		{81BF0B7A-3FBE-478B-A82D-0557E11D8F6C}.Debug|x86.ActiveCfg = Debug|Any CPU
		{81BF0B7A-3FBE-478B-A82D-0557E11D8F6C}.Debug|x86.Build.0 = Debug|Any CPU
		{81BF0B7A-3FBE-478B-A82D-0557E11D8F6C}.Release|Any CPU.ActiveCfg = Release|Any CPU
		{81BF0B7A-3FBE-478B-A82D-0557E11D8F6C}.Release|Any CPU.Build.0 = Release|Any CPU
		{81BF0B7A-3FBE-478B-A82D-0557E11D8F6C}.Release|x64.ActiveCfg = Release|Any CPU
		{81BF0B7A-3FBE-478B-A82D-0557E11D8F6C}.Release|x64.Build.0 = Release|Any CPU
		{81BF0B7A-3FBE-478B-A82D-0557E11D8F6C}.Release|x86.ActiveCfg = Release|Any CPU
		{81BF0B7A-3FBE-478B-A82D-0557E11D8F6C}.Release|x86.Build.0 = Release|Any CPU
		{BF79AE5C-873B-4667-B846-C5F5E0E57E4D}.Debug|Any CPU.ActiveCfg = Debug|Any CPU
		{BF79AE5C-873B-4667-B846-C5F5E0E57E4D}.Debug|Any CPU.Build.0 = Debug|Any CPU
		{BF79AE5C-873B-4667-B846-C5F5E0E57E4D}.Debug|x64.ActiveCfg = Debug|Any CPU
		{BF79AE5C-873B-4667-B846-C5F5E0E57E4D}.Debug|x64.Build.0 = Debug|Any CPU
		{BF79AE5C-873B-4667-B846-C5F5E0E57E4D}.Debug|x86.ActiveCfg = Debug|Any CPU
		{BF79AE5C-873B-4667-B846-C5F5E0E57E4D}.Debug|x86.Build.0 = Debug|Any CPU
		{BF79AE5C-873B-4667-B846-C5F5E0E57E4D}.Release|Any CPU.ActiveCfg = Release|Any CPU
		{BF79AE5C-873B-4667-B846-C5F5E0E57E4D}.Release|Any CPU.Build.0 = Release|Any CPU
		{BF79AE5C-873B-4667-B846-C5F5E0E57E4D}.Release|x64.ActiveCfg = Release|Any CPU
		{BF79AE5C-873B-4667-B846-C5F5E0E57E4D}.Release|x64.Build.0 = Release|Any CPU
		{BF79AE5C-873B-4667-B846-C5F5E0E57E4D}.Release|x86.ActiveCfg = Release|Any CPU
		{BF79AE5C-873B-4667-B846-C5F5E0E57E4D}.Release|x86.Build.0 = Release|Any CPU
		{4F6446F7-4C0C-41D8-8A5D-F9D9D51FD9AD}.Debug|Any CPU.ActiveCfg = Debug|Any CPU
		{4F6446F7-4C0C-41D8-8A5D-F9D9D51FD9AD}.Debug|Any CPU.Build.0 = Debug|Any CPU
		{4F6446F7-4C0C-41D8-8A5D-F9D9D51FD9AD}.Debug|x64.ActiveCfg = Debug|Any CPU
		{4F6446F7-4C0C-41D8-8A5D-F9D9D51FD9AD}.Debug|x64.Build.0 = Debug|Any CPU
		{4F6446F7-4C0C-41D8-8A5D-F9D9D51FD9AD}.Debug|x86.ActiveCfg = Debug|Any CPU
		{4F6446F7-4C0C-41D8-8A5D-F9D9D51FD9AD}.Debug|x86.Build.0 = Debug|Any CPU
		{4F6446F7-4C0C-41D8-8A5D-F9D9D51FD9AD}.Release|Any CPU.ActiveCfg = Release|Any CPU
		{4F6446F7-4C0C-41D8-8A5D-F9D9D51FD9AD}.Release|Any CPU.Build.0 = Release|Any CPU
		{4F6446F7-4C0C-41D8-8A5D-F9D9D51FD9AD}.Release|x64.ActiveCfg = Release|Any CPU
		{4F6446F7-4C0C-41D8-8A5D-F9D9D51FD9AD}.Release|x64.Build.0 = Release|Any CPU
		{4F6446F7-4C0C-41D8-8A5D-F9D9D51FD9AD}.Release|x86.ActiveCfg = Release|Any CPU
		{4F6446F7-4C0C-41D8-8A5D-F9D9D51FD9AD}.Release|x86.Build.0 = Release|Any CPU
		{3167BBD6-C50E-4E60-8A0B-0FD3ECEB7C55}.Debug|Any CPU.ActiveCfg = Debug|Any CPU
		{3167BBD6-C50E-4E60-8A0B-0FD3ECEB7C55}.Debug|Any CPU.Build.0 = Debug|Any CPU
		{3167BBD6-C50E-4E60-8A0B-0FD3ECEB7C55}.Debug|x64.ActiveCfg = Debug|Any CPU
		{3167BBD6-C50E-4E60-8A0B-0FD3ECEB7C55}.Debug|x64.Build.0 = Debug|Any CPU
		{3167BBD6-C50E-4E60-8A0B-0FD3ECEB7C55}.Debug|x86.ActiveCfg = Debug|Any CPU
		{3167BBD6-C50E-4E60-8A0B-0FD3ECEB7C55}.Debug|x86.Build.0 = Debug|Any CPU
		{3167BBD6-C50E-4E60-8A0B-0FD3ECEB7C55}.Release|Any CPU.ActiveCfg = Release|Any CPU
		{3167BBD6-C50E-4E60-8A0B-0FD3ECEB7C55}.Release|Any CPU.Build.0 = Release|Any CPU
		{3167BBD6-C50E-4E60-8A0B-0FD3ECEB7C55}.Release|x64.ActiveCfg = Release|Any CPU
		{3167BBD6-C50E-4E60-8A0B-0FD3ECEB7C55}.Release|x64.Build.0 = Release|Any CPU
		{3167BBD6-C50E-4E60-8A0B-0FD3ECEB7C55}.Release|x86.ActiveCfg = Release|Any CPU
		{3167BBD6-C50E-4E60-8A0B-0FD3ECEB7C55}.Release|x86.Build.0 = Release|Any CPU
		{36931433-F40C-432A-961F-08B25949D151}.Debug|Any CPU.ActiveCfg = Debug|Any CPU
		{36931433-F40C-432A-961F-08B25949D151}.Debug|Any CPU.Build.0 = Debug|Any CPU
		{36931433-F40C-432A-961F-08B25949D151}.Debug|x64.ActiveCfg = Debug|Any CPU
		{36931433-F40C-432A-961F-08B25949D151}.Debug|x64.Build.0 = Debug|Any CPU
		{36931433-F40C-432A-961F-08B25949D151}.Debug|x86.ActiveCfg = Debug|Any CPU
		{36931433-F40C-432A-961F-08B25949D151}.Debug|x86.Build.0 = Debug|Any CPU
		{36931433-F40C-432A-961F-08B25949D151}.Release|Any CPU.ActiveCfg = Release|Any CPU
		{36931433-F40C-432A-961F-08B25949D151}.Release|Any CPU.Build.0 = Release|Any CPU
		{36931433-F40C-432A-961F-08B25949D151}.Release|x64.ActiveCfg = Release|Any CPU
		{36931433-F40C-432A-961F-08B25949D151}.Release|x64.Build.0 = Release|Any CPU
		{36931433-F40C-432A-961F-08B25949D151}.Release|x86.ActiveCfg = Release|Any CPU
		{36931433-F40C-432A-961F-08B25949D151}.Release|x86.Build.0 = Release|Any CPU
		{6B018ABA-AABB-4333-863F-B37FB4333D8D}.Debug|Any CPU.ActiveCfg = Debug|Any CPU
		{6B018ABA-AABB-4333-863F-B37FB4333D8D}.Debug|Any CPU.Build.0 = Debug|Any CPU
		{6B018ABA-AABB-4333-863F-B37FB4333D8D}.Debug|x64.ActiveCfg = Debug|Any CPU
		{6B018ABA-AABB-4333-863F-B37FB4333D8D}.Debug|x64.Build.0 = Debug|Any CPU
		{6B018ABA-AABB-4333-863F-B37FB4333D8D}.Debug|x86.ActiveCfg = Debug|Any CPU
		{6B018ABA-AABB-4333-863F-B37FB4333D8D}.Debug|x86.Build.0 = Debug|Any CPU
		{6B018ABA-AABB-4333-863F-B37FB4333D8D}.Release|Any CPU.ActiveCfg = Release|Any CPU
		{6B018ABA-AABB-4333-863F-B37FB4333D8D}.Release|Any CPU.Build.0 = Release|Any CPU
		{6B018ABA-AABB-4333-863F-B37FB4333D8D}.Release|x64.ActiveCfg = Release|Any CPU
		{6B018ABA-AABB-4333-863F-B37FB4333D8D}.Release|x64.Build.0 = Release|Any CPU
		{6B018ABA-AABB-4333-863F-B37FB4333D8D}.Release|x86.ActiveCfg = Release|Any CPU
		{6B018ABA-AABB-4333-863F-B37FB4333D8D}.Release|x86.Build.0 = Release|Any CPU
		{9EC07FCB-4FA2-4A1B-BFE1-A6D164ACAB37}.Debug|Any CPU.ActiveCfg = Debug|Any CPU
		{9EC07FCB-4FA2-4A1B-BFE1-A6D164ACAB37}.Debug|Any CPU.Build.0 = Debug|Any CPU
		{9EC07FCB-4FA2-4A1B-BFE1-A6D164ACAB37}.Debug|x64.ActiveCfg = Debug|Any CPU
		{9EC07FCB-4FA2-4A1B-BFE1-A6D164ACAB37}.Debug|x64.Build.0 = Debug|Any CPU
		{9EC07FCB-4FA2-4A1B-BFE1-A6D164ACAB37}.Debug|x86.ActiveCfg = Debug|Any CPU
		{9EC07FCB-4FA2-4A1B-BFE1-A6D164ACAB37}.Debug|x86.Build.0 = Debug|Any CPU
		{9EC07FCB-4FA2-4A1B-BFE1-A6D164ACAB37}.Release|Any CPU.ActiveCfg = Release|Any CPU
		{9EC07FCB-4FA2-4A1B-BFE1-A6D164ACAB37}.Release|Any CPU.Build.0 = Release|Any CPU
		{9EC07FCB-4FA2-4A1B-BFE1-A6D164ACAB37}.Release|x64.ActiveCfg = Release|Any CPU
		{9EC07FCB-4FA2-4A1B-BFE1-A6D164ACAB37}.Release|x64.Build.0 = Release|Any CPU
		{9EC07FCB-4FA2-4A1B-BFE1-A6D164ACAB37}.Release|x86.ActiveCfg = Release|Any CPU
		{9EC07FCB-4FA2-4A1B-BFE1-A6D164ACAB37}.Release|x86.Build.0 = Release|Any CPU
	EndGlobalSection
	GlobalSection(SolutionProperties) = preSolution
		HideSolutionNode = FALSE
	EndGlobalSection
	GlobalSection(NestedProjects) = preSolution
		{DF0ACCA8-AFE0-4C1D-A0C4-47EDEB834AC2} = {827E0CD3-B72D-47B6-A68D-7590B98EB39B}
		{D071C3E6-5F8B-4E4C-9BA2-78BD5CE901A8} = {827E0CD3-B72D-47B6-A68D-7590B98EB39B}
		{70853A92-221C-4301-A2C8-0F22CBBE380B} = {827E0CD3-B72D-47B6-A68D-7590B98EB39B}
		{0F9709CF-08DC-4020-AA3E-5DF8D8BCD55B} = {827E0CD3-B72D-47B6-A68D-7590B98EB39B}
		{E8235B0C-B01C-43E8-BDF2-E25141B42CD3} = {827E0CD3-B72D-47B6-A68D-7590B98EB39B}
		{28A7F5BD-6624-4A3B-939E-07E39AABCE37} = {827E0CD3-B72D-47B6-A68D-7590B98EB39B}
		{EAE28766-ACCE-4E02-83C7-19FF55488FCE} = {827E0CD3-B72D-47B6-A68D-7590B98EB39B}
		{79ADBBFD-2BBD-4474-AAAC-B5F747CE7FD9} = {827E0CD3-B72D-47B6-A68D-7590B98EB39B}
		{B34DABCA-B1F4-456E-9291-E55A9A2520F5} = {827E0CD3-B72D-47B6-A68D-7590B98EB39B}
		{C71C682A-6795-4029-9A23-618EE7E11ED8} = {827E0CD3-B72D-47B6-A68D-7590B98EB39B}
		{1A7B71AE-5F6C-4079-BC7C-0A3D11EB2068} = {827E0CD3-B72D-47B6-A68D-7590B98EB39B}
		{ED0EF57F-DBBB-4ED8-AF18-DA782E34C84C} = {0AB3BF05-4346-4AA6-1389-037BE0695223}
		{C795B6BF-93BA-4DD0-9544-737CD21A0D28} = {0AB3BF05-4346-4AA6-1389-037BE0695223}
		{55FD681B-D185-4F5E-A3D2-E17726272957} = {0AB3BF05-4346-4AA6-1389-037BE0695223}
		{F653CA34-7376-4321-B95F-AEB4346A8804} = {0AB3BF05-4346-4AA6-1389-037BE0695223}
		{81BF0B7A-3FBE-478B-A82D-0557E11D8F6C} = {0AB3BF05-4346-4AA6-1389-037BE0695223}
		{BF79AE5C-873B-4667-B846-C5F5E0E57E4D} = {0AB3BF05-4346-4AA6-1389-037BE0695223}
		{4F6446F7-4C0C-41D8-8A5D-F9D9D51FD9AD} = {0AB3BF05-4346-4AA6-1389-037BE0695223}
		{3167BBD6-C50E-4E60-8A0B-0FD3ECEB7C55} = {0AB3BF05-4346-4AA6-1389-037BE0695223}
		{36931433-F40C-432A-961F-08B25949D151} = {0AB3BF05-4346-4AA6-1389-037BE0695223}
		{6B018ABA-AABB-4333-863F-B37FB4333D8D} = {0AB3BF05-4346-4AA6-1389-037BE0695223}
		{9EC07FCB-4FA2-4A1B-BFE1-A6D164ACAB37} = {07C2787E-EAC7-C090-1BA3-A61EC2A24D84}
	EndGlobalSection
EndGlobal
